// !$*UTF8*$!
{
	archiveVersion = 1;
	classes = {
	};
	objectVersion = 55;
	objects = {

/* Begin PBXBuildFile section */
		2C1B2D4428D92BB700BA858A /* DateHeader.swift in Sources */ = {isa = PBXBuildFile; fileRef = 2C1B2D4328D92BB700BA858A /* DateHeader.swift */; };
		2C1B2D4628DA453C00BA858A /* NewChatController.swift in Sources */ = {isa = PBXBuildFile; fileRef = 2C1B2D4528DA453C00BA858A /* NewChatController.swift */; };
		2C1B2D4828DA46AC00BA858A /* NewChatModule.swift in Sources */ = {isa = PBXBuildFile; fileRef = 2C1B2D4728DA46AC00BA858A /* NewChatModule.swift */; };
		2C1B2D4A28DA46FF00BA858A /* NewChatModuleFactoriable.swift in Sources */ = {isa = PBXBuildFile; fileRef = 2C1B2D4928DA46FF00BA858A /* NewChatModuleFactoriable.swift */; };
		2C1B2D6C28DB54E300BA858A /* PublicChatInformationController.swift in Sources */ = {isa = PBXBuildFile; fileRef = 2C1B2D6B28DB54E300BA858A /* PublicChatInformationController.swift */; };
		2C1B2D6E28DB55B900BA858A /* PublicChatInformationModule.swift in Sources */ = {isa = PBXBuildFile; fileRef = 2C1B2D6D28DB55B900BA858A /* PublicChatInformationModule.swift */; };
		2C1B2D7028DB55DA00BA858A /* PublicChatInformationModuleFactoriable.swift in Sources */ = {isa = PBXBuildFile; fileRef = 2C1B2D6F28DB55DA00BA858A /* PublicChatInformationModuleFactoriable.swift */; };
		2C1B2D7228DB5EC000BA858A /* PrivateChatInformationController.swift in Sources */ = {isa = PBXBuildFile; fileRef = 2C1B2D7128DB5EC000BA858A /* PrivateChatInformationController.swift */; };
		2C1B2D7428DB5F0C00BA858A /* PrivateChatInformationModule.swift in Sources */ = {isa = PBXBuildFile; fileRef = 2C1B2D7328DB5F0C00BA858A /* PrivateChatInformationModule.swift */; };
		2C1B2D7628DB5F1D00BA858A /* PrivateChatInformationModuleFactoriable.swift in Sources */ = {isa = PBXBuildFile; fileRef = 2C1B2D7528DB5F1D00BA858A /* PrivateChatInformationModuleFactoriable.swift */; };
		2C1B2D7828DBE4F300BA858A /* ProfileSectionBaseController.swift in Sources */ = {isa = PBXBuildFile; fileRef = 2C1B2D7728DBE4F300BA858A /* ProfileSectionBaseController.swift */; };
		2C1B2D7A28DC681700BA858A /* PrivacyAndSecurityController.swift in Sources */ = {isa = PBXBuildFile; fileRef = 2C1B2D7928DC681700BA858A /* PrivacyAndSecurityController.swift */; };
		2C1B2D7C28DC684E00BA858A /* StorageController.swift in Sources */ = {isa = PBXBuildFile; fileRef = 2C1B2D7B28DC684E00BA858A /* StorageController.swift */; };
		2C1B2D7E28DC687A00BA858A /* AppearanceController.swift in Sources */ = {isa = PBXBuildFile; fileRef = 2C1B2D7D28DC687A00BA858A /* AppearanceController.swift */; };
		2C1B2D8028DC688900BA858A /* AskQuestionController.swift in Sources */ = {isa = PBXBuildFile; fileRef = 2C1B2D7F28DC688900BA858A /* AskQuestionController.swift */; };
		2C1B2D8228DC699D00BA858A /* PrivacyAndSecurityModule.swift in Sources */ = {isa = PBXBuildFile; fileRef = 2C1B2D8128DC699D00BA858A /* PrivacyAndSecurityModule.swift */; };
		2C1B2D8428DC69B000BA858A /* StorageModule.swift in Sources */ = {isa = PBXBuildFile; fileRef = 2C1B2D8328DC69B000BA858A /* StorageModule.swift */; };
		2C1B2D8628DC69C800BA858A /* AppearanceModule.swift in Sources */ = {isa = PBXBuildFile; fileRef = 2C1B2D8528DC69C800BA858A /* AppearanceModule.swift */; };
		2C1B2D8828DC6A0B00BA858A /* AskQuestionModule.swift in Sources */ = {isa = PBXBuildFile; fileRef = 2C1B2D8728DC6A0B00BA858A /* AskQuestionModule.swift */; };
		2C1B2D8A28DC6A4300BA858A /* PrivacyAndSecurityModuleFactoriable.swift in Sources */ = {isa = PBXBuildFile; fileRef = 2C1B2D8928DC6A4300BA858A /* PrivacyAndSecurityModuleFactoriable.swift */; };
		2C1B2D8C28DC6A6000BA858A /* StorageModuleFactoriable.swift in Sources */ = {isa = PBXBuildFile; fileRef = 2C1B2D8B28DC6A6000BA858A /* StorageModuleFactoriable.swift */; };
		2C1B2D8E28DC6ADB00BA858A /* AppearanceModuleFactoriable.swift in Sources */ = {isa = PBXBuildFile; fileRef = 2C1B2D8D28DC6ADB00BA858A /* AppearanceModuleFactoriable.swift */; };
		2C1B2D9028DC6AF600BA858A /* AskQuestionModuleFactoriable.swift in Sources */ = {isa = PBXBuildFile; fileRef = 2C1B2D8F28DC6AF600BA858A /* AskQuestionModuleFactoriable.swift */; };
		2C1B2D9228DC6EFF00BA858A /* ProfileSectionBaseModule.swift in Sources */ = {isa = PBXBuildFile; fileRef = 2C1B2D9128DC6EFF00BA858A /* ProfileSectionBaseModule.swift */; };
		2C2487EC28C38F4800D2EB2B /* AppDelegate.swift in Sources */ = {isa = PBXBuildFile; fileRef = 2C2487EB28C38F4800D2EB2B /* AppDelegate.swift */; };
		2C2487EE28C38F4800D2EB2B /* SceneDelegate.swift in Sources */ = {isa = PBXBuildFile; fileRef = 2C2487ED28C38F4800D2EB2B /* SceneDelegate.swift */; };
		2C2487F628C38F4900D2EB2B /* Messenger.xcdatamodeld in Sources */ = {isa = PBXBuildFile; fileRef = 2C2487F428C38F4900D2EB2B /* Messenger.xcdatamodeld */; };
		2C2487F828C38F4A00D2EB2B /* Assets.xcassets in Resources */ = {isa = PBXBuildFile; fileRef = 2C2487F728C38F4A00D2EB2B /* Assets.xcassets */; };
		2C2487FB28C38F4A00D2EB2B /* LaunchScreen.storyboard in Resources */ = {isa = PBXBuildFile; fileRef = 2C2487F928C38F4A00D2EB2B /* LaunchScreen.storyboard */; };
		2C24880428C38F9F00D2EB2B /* Coordinatorable.swift in Sources */ = {isa = PBXBuildFile; fileRef = 2C24880328C38F9F00D2EB2B /* Coordinatorable.swift */; };
		2C24880728C38FCA00D2EB2B /* BaseCoordinator.swift in Sources */ = {isa = PBXBuildFile; fileRef = 2C24880628C38FCA00D2EB2B /* BaseCoordinator.swift */; };
		2C24880928C3936D00D2EB2B /* SceneCoordinator.swift in Sources */ = {isa = PBXBuildFile; fileRef = 2C24880828C3936D00D2EB2B /* SceneCoordinator.swift */; };
		2C24880C28C3950900D2EB2B /* PresentableObject.swift in Sources */ = {isa = PBXBuildFile; fileRef = 2C24880B28C3950900D2EB2B /* PresentableObject.swift */; };
		2C24880E28C3966100D2EB2B /* Router.swift in Sources */ = {isa = PBXBuildFile; fileRef = 2C24880D28C3966100D2EB2B /* Router.swift */; };
		2C24881028C3966D00D2EB2B /* Routerable.swift in Sources */ = {isa = PBXBuildFile; fileRef = 2C24880F28C3966D00D2EB2B /* Routerable.swift */; };
		2C24881428C39F7B00D2EB2B /* CoordinatorFactory.swift in Sources */ = {isa = PBXBuildFile; fileRef = 2C24881328C39F7B00D2EB2B /* CoordinatorFactory.swift */; };
		2C24881628C3A0B500D2EB2B /* MainCoordinatorFactoriable.swift in Sources */ = {isa = PBXBuildFile; fileRef = 2C24881528C3A0B500D2EB2B /* MainCoordinatorFactoriable.swift */; };
		2C24881828C3A0EE00D2EB2B /* ModuleFactory.swift in Sources */ = {isa = PBXBuildFile; fileRef = 2C24881728C3A0EE00D2EB2B /* ModuleFactory.swift */; };
		2C24881A28C3A18C00D2EB2B /* CoordinatorFactoriable.swift in Sources */ = {isa = PBXBuildFile; fileRef = 2C24881928C3A18C00D2EB2B /* CoordinatorFactoriable.swift */; };
		2C24881C28C3A1B100D2EB2B /* ModuleFactoriable.swift in Sources */ = {isa = PBXBuildFile; fileRef = 2C24881B28C3A1B100D2EB2B /* ModuleFactoriable.swift */; };
		2C24881F28C3A40100D2EB2B /* MainCoordinator.swift in Sources */ = {isa = PBXBuildFile; fileRef = 2C24881E28C3A40100D2EB2B /* MainCoordinator.swift */; };
		2C24882328C3A93600D2EB2B /* BaseModule.swift in Sources */ = {isa = PBXBuildFile; fileRef = 2C24882228C3A93600D2EB2B /* BaseModule.swift */; };
		2C24882E28C3B12F00D2EB2B /* Navigationable.swift in Sources */ = {isa = PBXBuildFile; fileRef = 2C24882D28C3B12F00D2EB2B /* Navigationable.swift */; };
		2C24883028C3B15D00D2EB2B /* Dismissable.swift in Sources */ = {isa = PBXBuildFile; fileRef = 2C24882F28C3B15D00D2EB2B /* Dismissable.swift */; };
		2C24883228C3B20600D2EB2B /* Presentable.swift in Sources */ = {isa = PBXBuildFile; fileRef = 2C24883128C3B20600D2EB2B /* Presentable.swift */; };
		2C24883528C3C26800D2EB2B /* AuthorizationCoordinator.swift in Sources */ = {isa = PBXBuildFile; fileRef = 2C24883428C3C26800D2EB2B /* AuthorizationCoordinator.swift */; };
		2C24883728C3C42D00D2EB2B /* LoginModule.swift in Sources */ = {isa = PBXBuildFile; fileRef = 2C24883628C3C42D00D2EB2B /* LoginModule.swift */; };
		2C24883928C3C46B00D2EB2B /* AuthorizationModuleFactoriable.swift in Sources */ = {isa = PBXBuildFile; fileRef = 2C24883828C3C46B00D2EB2B /* AuthorizationModuleFactoriable.swift */; };
		2C24883B28C3C4CE00D2EB2B /* LoginController.swift in Sources */ = {isa = PBXBuildFile; fileRef = 2C24883A28C3C4CE00D2EB2B /* LoginController.swift */; };
		2C24883D28C3C58600D2EB2B /* AuthorizationCoordinatorFactoriable.swift in Sources */ = {isa = PBXBuildFile; fileRef = 2C24883C28C3C58600D2EB2B /* AuthorizationCoordinatorFactoriable.swift */; };
		2C24883F28C4FA2D00D2EB2B /* ServerData.swift in Sources */ = {isa = PBXBuildFile; fileRef = 2C24883E28C4FA2D00D2EB2B /* ServerData.swift */; };
		2C24884128C4FAF500D2EB2B /* Authorizationable.swift in Sources */ = {isa = PBXBuildFile; fileRef = 2C24884028C4FAF500D2EB2B /* Authorizationable.swift */; };
		2C24884B28C5090800D2EB2B /* Model.swift in Sources */ = {isa = PBXBuildFile; fileRef = 2C24884A28C5090800D2EB2B /* Model.swift */; };
		2C24884D28C61C6B00D2EB2B /* ServerCommunicator.swift in Sources */ = {isa = PBXBuildFile; fileRef = 2C24884C28C61C6B00D2EB2B /* ServerCommunicator.swift */; };
		2C24884F28C65DC600D2EB2B /* RegistrationModule.swift in Sources */ = {isa = PBXBuildFile; fileRef = 2C24884E28C65DC600D2EB2B /* RegistrationModule.swift */; };
		2C24885128C65E9C00D2EB2B /* RegistrationModuleFactoriable.swift in Sources */ = {isa = PBXBuildFile; fileRef = 2C24885028C65E9C00D2EB2B /* RegistrationModuleFactoriable.swift */; };
		2C24885328C65F2700D2EB2B /* RegistrationController.swift in Sources */ = {isa = PBXBuildFile; fileRef = 2C24885228C65F2700D2EB2B /* RegistrationController.swift */; };
		2C24885528C6727B00D2EB2B /* Parser.swift in Sources */ = {isa = PBXBuildFile; fileRef = 2C24885428C6727B00D2EB2B /* Parser.swift */; };
		2C33051328CE1EB4000A2239 /* MessageCell.swift in Sources */ = {isa = PBXBuildFile; fileRef = 2C33051228CE1EB4000A2239 /* MessageCell.swift */; };
		2C585F9E28CA1B040042167D /* Mainable.swift in Sources */ = {isa = PBXBuildFile; fileRef = 2C585F9D28CA1B040042167D /* Mainable.swift */; };
		2C585FB328CA84E30042167D /* TabBarModule.swift in Sources */ = {isa = PBXBuildFile; fileRef = 2C585FB228CA84E30042167D /* TabBarModule.swift */; };
		2C585FB528CA84FD0042167D /* TabBarModuleFactoriable.swift in Sources */ = {isa = PBXBuildFile; fileRef = 2C585FB428CA84FD0042167D /* TabBarModuleFactoriable.swift */; };
		2C585FB728CA85FE0042167D /* TabBarController.swift in Sources */ = {isa = PBXBuildFile; fileRef = 2C585FB628CA85FE0042167D /* TabBarController.swift */; };
		2C585FB928CAA10E0042167D /* Profiliable.swift in Sources */ = {isa = PBXBuildFile; fileRef = 2C585FB828CAA10E0042167D /* Profiliable.swift */; };
		2C585FBB28CAA1620042167D /* Chatsable.swift in Sources */ = {isa = PBXBuildFile; fileRef = 2C585FBA28CAA1620042167D /* Chatsable.swift */; };
		2C585FC128CAA1F80042167D /* ChatsCoordinator.swift in Sources */ = {isa = PBXBuildFile; fileRef = 2C585FC028CAA1F80042167D /* ChatsCoordinator.swift */; };
		2C585FC328CAA2100042167D /* ProfileCoordinator.swift in Sources */ = {isa = PBXBuildFile; fileRef = 2C585FC228CAA2100042167D /* ProfileCoordinator.swift */; };
		2C585FC528CAA4000042167D /* ChatsCoordinatorFactoriable.swift in Sources */ = {isa = PBXBuildFile; fileRef = 2C585FC428CAA4000042167D /* ChatsCoordinatorFactoriable.swift */; };
		2C585FC928CAA4730042167D /* ProfileCoordinatorFactoriable.swift in Sources */ = {isa = PBXBuildFile; fileRef = 2C585FC828CAA4730042167D /* ProfileCoordinatorFactoriable.swift */; };
		2C585FD428CCBF030042167D /* ChatsTableController.swift in Sources */ = {isa = PBXBuildFile; fileRef = 2C585FD328CCBF030042167D /* ChatsTableController.swift */; };
		2C585FD628CCE2F30042167D /* ChatController.swift in Sources */ = {isa = PBXBuildFile; fileRef = 2C585FD528CCE2F30042167D /* ChatController.swift */; };
		2C585FD828CCF8470042167D /* ChatsModule.swift in Sources */ = {isa = PBXBuildFile; fileRef = 2C585FD728CCF8470042167D /* ChatsModule.swift */; };
		2C585FDA28CCF85D0042167D /* ChatsModuleFactoriable.swift in Sources */ = {isa = PBXBuildFile; fileRef = 2C585FD928CCF85D0042167D /* ChatsModuleFactoriable.swift */; };
		2C585FDC28CCFA710042167D /* ChatModule.swift in Sources */ = {isa = PBXBuildFile; fileRef = 2C585FDB28CCFA710042167D /* ChatModule.swift */; };
		2C585FDE28CCFA830042167D /* ChatModuleFactoriable.swift in Sources */ = {isa = PBXBuildFile; fileRef = 2C585FDD28CCFA830042167D /* ChatModuleFactoriable.swift */; };
		2C585FE028CD1DC70042167D /* TabBarableBaseModule.swift in Sources */ = {isa = PBXBuildFile; fileRef = 2C585FDF28CD1DC70042167D /* TabBarableBaseModule.swift */; };
		2C585FE228CD21780042167D /* ProfileTableController.swift in Sources */ = {isa = PBXBuildFile; fileRef = 2C585FE128CD21780042167D /* ProfileTableController.swift */; };
		2C585FE728CD22F90042167D /* ProfileModule.swift in Sources */ = {isa = PBXBuildFile; fileRef = 2C585FE628CD22F90042167D /* ProfileModule.swift */; };
		2C585FEB28CD24D60042167D /* ProfileModuleFactoriable.swift in Sources */ = {isa = PBXBuildFile; fileRef = 2C585FEA28CD24D60042167D /* ProfileModuleFactoriable.swift */; };
		2C58E43D28DF20FF00D6B682 /* ChatCell + ChatCellData.swift in Sources */ = {isa = PBXBuildFile; fileRef = 2C58E43C28DF20FF00D6B682 /* ChatCell + ChatCellData.swift */; };
		2C81649C28DC8D9B002857B2 /* BlockedUsersController.swift in Sources */ = {isa = PBXBuildFile; fileRef = 2C81649B28DC8D9B002857B2 /* BlockedUsersController.swift */; };
		2C81649E28DC8DDE002857B2 /* BlockedUsersModule.swift in Sources */ = {isa = PBXBuildFile; fileRef = 2C81649D28DC8DDE002857B2 /* BlockedUsersModule.swift */; };
		2C8164A028DC8E0D002857B2 /* ChangePasswordController.swift in Sources */ = {isa = PBXBuildFile; fileRef = 2C81649F28DC8E0D002857B2 /* ChangePasswordController.swift */; };
		2C8164A228DC8E35002857B2 /* ChangePasswordModule.swift in Sources */ = {isa = PBXBuildFile; fileRef = 2C8164A128DC8E35002857B2 /* ChangePasswordModule.swift */; };
		2C8164A428DC8E50002857B2 /* PasswordOnLoginController.swift in Sources */ = {isa = PBXBuildFile; fileRef = 2C8164A328DC8E50002857B2 /* PasswordOnLoginController.swift */; };
		2C8164A628DC8E83002857B2 /* PasswordOnLoginModule.swift in Sources */ = {isa = PBXBuildFile; fileRef = 2C8164A528DC8E83002857B2 /* PasswordOnLoginModule.swift */; };
		2C8164A828DC8F2B002857B2 /* BlockedUsersModuleFactoriable.swift in Sources */ = {isa = PBXBuildFile; fileRef = 2C8164A728DC8F2B002857B2 /* BlockedUsersModuleFactoriable.swift */; };
		2C8164AA28DC8FEA002857B2 /* ChangePasswordModuleFactoriable.swift in Sources */ = {isa = PBXBuildFile; fileRef = 2C8164A928DC8FEA002857B2 /* ChangePasswordModuleFactoriable.swift */; };
		2C8164AC28DC9010002857B2 /* PasswordOnLoginModuleFactoriable.swift in Sources */ = {isa = PBXBuildFile; fileRef = 2C8164AB28DC9010002857B2 /* PasswordOnLoginModuleFactoriable.swift */; };
		2C850E7D28DF68A9008435B3 /* NotificationKeys.swift in Sources */ = {isa = PBXBuildFile; fileRef = 2C850E7C28DF68A9008435B3 /* NotificationKeys.swift */; };
		2C87101928DFD2FB003B9B42 /* KeyChain.swift in Sources */ = {isa = PBXBuildFile; fileRef = 2C87101828DFD2FB003B9B42 /* KeyChain.swift */; };
		2C8C127528C6868E00F3A650 /* Commands.swift in Sources */ = {isa = PBXBuildFile; fileRef = 2C8C127428C6868E00F3A650 /* Commands.swift */; };
		2C8DDF1B28DCD5E5002B4DA5 /* LogoutModule.swift in Sources */ = {isa = PBXBuildFile; fileRef = 2C8DDF1A28DCD5E5002B4DA5 /* LogoutModule.swift */; };
		2C8DDF1D28DCD628002B4DA5 /* LogoutModuleFactoriable.swift in Sources */ = {isa = PBXBuildFile; fileRef = 2C8DDF1C28DCD628002B4DA5 /* LogoutModuleFactoriable.swift */; };
		2CA76F3828CF439D002212D5 /* DataBase.swift in Sources */ = {isa = PBXBuildFile; fileRef = 2CA76F3728CF439D002212D5 /* DataBase.swift */; };
		2CA76F3A28CF43E7002212D5 /* DataBasable.swift in Sources */ = {isa = PBXBuildFile; fileRef = 2CA76F3928CF43E7002212D5 /* DataBasable.swift */; };
/* End PBXBuildFile section */

/* Begin PBXFileReference section */
		2C1B2D4328D92BB700BA858A /* DateHeader.swift */ = {isa = PBXFileReference; lastKnownFileType = sourcecode.swift; path = DateHeader.swift; sourceTree = "<group>"; };
		2C1B2D4528DA453C00BA858A /* NewChatController.swift */ = {isa = PBXFileReference; lastKnownFileType = sourcecode.swift; path = NewChatController.swift; sourceTree = "<group>"; };
		2C1B2D4728DA46AC00BA858A /* NewChatModule.swift */ = {isa = PBXFileReference; lastKnownFileType = sourcecode.swift; path = NewChatModule.swift; sourceTree = "<group>"; };
		2C1B2D4928DA46FF00BA858A /* NewChatModuleFactoriable.swift */ = {isa = PBXFileReference; lastKnownFileType = sourcecode.swift; path = NewChatModuleFactoriable.swift; sourceTree = "<group>"; };
		2C1B2D6B28DB54E300BA858A /* PublicChatInformationController.swift */ = {isa = PBXFileReference; lastKnownFileType = sourcecode.swift; path = PublicChatInformationController.swift; sourceTree = "<group>"; };
		2C1B2D6D28DB55B900BA858A /* PublicChatInformationModule.swift */ = {isa = PBXFileReference; lastKnownFileType = sourcecode.swift; path = PublicChatInformationModule.swift; sourceTree = "<group>"; };
		2C1B2D6F28DB55DA00BA858A /* PublicChatInformationModuleFactoriable.swift */ = {isa = PBXFileReference; lastKnownFileType = sourcecode.swift; path = PublicChatInformationModuleFactoriable.swift; sourceTree = "<group>"; };
		2C1B2D7128DB5EC000BA858A /* PrivateChatInformationController.swift */ = {isa = PBXFileReference; lastKnownFileType = sourcecode.swift; path = PrivateChatInformationController.swift; sourceTree = "<group>"; };
		2C1B2D7328DB5F0C00BA858A /* PrivateChatInformationModule.swift */ = {isa = PBXFileReference; lastKnownFileType = sourcecode.swift; path = PrivateChatInformationModule.swift; sourceTree = "<group>"; };
		2C1B2D7528DB5F1D00BA858A /* PrivateChatInformationModuleFactoriable.swift */ = {isa = PBXFileReference; lastKnownFileType = sourcecode.swift; path = PrivateChatInformationModuleFactoriable.swift; sourceTree = "<group>"; };
		2C1B2D7728DBE4F300BA858A /* ProfileSectionBaseController.swift */ = {isa = PBXFileReference; lastKnownFileType = sourcecode.swift; path = ProfileSectionBaseController.swift; sourceTree = "<group>"; };
		2C1B2D7928DC681700BA858A /* PrivacyAndSecurityController.swift */ = {isa = PBXFileReference; lastKnownFileType = sourcecode.swift; path = PrivacyAndSecurityController.swift; sourceTree = "<group>"; };
		2C1B2D7B28DC684E00BA858A /* StorageController.swift */ = {isa = PBXFileReference; lastKnownFileType = sourcecode.swift; path = StorageController.swift; sourceTree = "<group>"; };
		2C1B2D7D28DC687A00BA858A /* AppearanceController.swift */ = {isa = PBXFileReference; lastKnownFileType = sourcecode.swift; path = AppearanceController.swift; sourceTree = "<group>"; };
		2C1B2D7F28DC688900BA858A /* AskQuestionController.swift */ = {isa = PBXFileReference; lastKnownFileType = sourcecode.swift; path = AskQuestionController.swift; sourceTree = "<group>"; };
		2C1B2D8128DC699D00BA858A /* PrivacyAndSecurityModule.swift */ = {isa = PBXFileReference; lastKnownFileType = sourcecode.swift; path = PrivacyAndSecurityModule.swift; sourceTree = "<group>"; };
		2C1B2D8328DC69B000BA858A /* StorageModule.swift */ = {isa = PBXFileReference; lastKnownFileType = sourcecode.swift; path = StorageModule.swift; sourceTree = "<group>"; };
		2C1B2D8528DC69C800BA858A /* AppearanceModule.swift */ = {isa = PBXFileReference; lastKnownFileType = sourcecode.swift; path = AppearanceModule.swift; sourceTree = "<group>"; };
		2C1B2D8728DC6A0B00BA858A /* AskQuestionModule.swift */ = {isa = PBXFileReference; lastKnownFileType = sourcecode.swift; path = AskQuestionModule.swift; sourceTree = "<group>"; };
		2C1B2D8928DC6A4300BA858A /* PrivacyAndSecurityModuleFactoriable.swift */ = {isa = PBXFileReference; lastKnownFileType = sourcecode.swift; path = PrivacyAndSecurityModuleFactoriable.swift; sourceTree = "<group>"; };
		2C1B2D8B28DC6A6000BA858A /* StorageModuleFactoriable.swift */ = {isa = PBXFileReference; lastKnownFileType = sourcecode.swift; path = StorageModuleFactoriable.swift; sourceTree = "<group>"; };
		2C1B2D8D28DC6ADB00BA858A /* AppearanceModuleFactoriable.swift */ = {isa = PBXFileReference; lastKnownFileType = sourcecode.swift; path = AppearanceModuleFactoriable.swift; sourceTree = "<group>"; };
		2C1B2D8F28DC6AF600BA858A /* AskQuestionModuleFactoriable.swift */ = {isa = PBXFileReference; lastKnownFileType = sourcecode.swift; path = AskQuestionModuleFactoriable.swift; sourceTree = "<group>"; };
		2C1B2D9128DC6EFF00BA858A /* ProfileSectionBaseModule.swift */ = {isa = PBXFileReference; lastKnownFileType = sourcecode.swift; path = ProfileSectionBaseModule.swift; sourceTree = "<group>"; };
		2C2487E828C38F4800D2EB2B /* Messenger.app */ = {isa = PBXFileReference; explicitFileType = wrapper.application; includeInIndex = 0; path = Messenger.app; sourceTree = BUILT_PRODUCTS_DIR; };
		2C2487EB28C38F4800D2EB2B /* AppDelegate.swift */ = {isa = PBXFileReference; lastKnownFileType = sourcecode.swift; path = AppDelegate.swift; sourceTree = "<group>"; };
		2C2487ED28C38F4800D2EB2B /* SceneDelegate.swift */ = {isa = PBXFileReference; lastKnownFileType = sourcecode.swift; path = SceneDelegate.swift; sourceTree = "<group>"; };
		2C2487F528C38F4900D2EB2B /* Messenger.xcdatamodel */ = {isa = PBXFileReference; lastKnownFileType = wrapper.xcdatamodel; path = Messenger.xcdatamodel; sourceTree = "<group>"; };
		2C2487F728C38F4A00D2EB2B /* Assets.xcassets */ = {isa = PBXFileReference; lastKnownFileType = folder.assetcatalog; path = Assets.xcassets; sourceTree = "<group>"; };
		2C2487FA28C38F4A00D2EB2B /* Base */ = {isa = PBXFileReference; lastKnownFileType = file.storyboard; name = Base; path = Base.lproj/LaunchScreen.storyboard; sourceTree = "<group>"; };
		2C2487FC28C38F4A00D2EB2B /* Info.plist */ = {isa = PBXFileReference; lastKnownFileType = text.plist.xml; path = Info.plist; sourceTree = "<group>"; };
		2C24880328C38F9F00D2EB2B /* Coordinatorable.swift */ = {isa = PBXFileReference; lastKnownFileType = sourcecode.swift; path = Coordinatorable.swift; sourceTree = "<group>"; };
		2C24880628C38FCA00D2EB2B /* BaseCoordinator.swift */ = {isa = PBXFileReference; lastKnownFileType = sourcecode.swift; path = BaseCoordinator.swift; sourceTree = "<group>"; };
		2C24880828C3936D00D2EB2B /* SceneCoordinator.swift */ = {isa = PBXFileReference; lastKnownFileType = sourcecode.swift; path = SceneCoordinator.swift; sourceTree = "<group>"; };
		2C24880B28C3950900D2EB2B /* PresentableObject.swift */ = {isa = PBXFileReference; lastKnownFileType = sourcecode.swift; path = PresentableObject.swift; sourceTree = "<group>"; };
		2C24880D28C3966100D2EB2B /* Router.swift */ = {isa = PBXFileReference; lastKnownFileType = sourcecode.swift; path = Router.swift; sourceTree = "<group>"; };
		2C24880F28C3966D00D2EB2B /* Routerable.swift */ = {isa = PBXFileReference; lastKnownFileType = sourcecode.swift; path = Routerable.swift; sourceTree = "<group>"; };
		2C24881328C39F7B00D2EB2B /* CoordinatorFactory.swift */ = {isa = PBXFileReference; lastKnownFileType = sourcecode.swift; path = CoordinatorFactory.swift; sourceTree = "<group>"; };
		2C24881528C3A0B500D2EB2B /* MainCoordinatorFactoriable.swift */ = {isa = PBXFileReference; lastKnownFileType = sourcecode.swift; path = MainCoordinatorFactoriable.swift; sourceTree = "<group>"; };
		2C24881728C3A0EE00D2EB2B /* ModuleFactory.swift */ = {isa = PBXFileReference; lastKnownFileType = sourcecode.swift; path = ModuleFactory.swift; sourceTree = "<group>"; };
		2C24881928C3A18C00D2EB2B /* CoordinatorFactoriable.swift */ = {isa = PBXFileReference; lastKnownFileType = sourcecode.swift; path = CoordinatorFactoriable.swift; sourceTree = "<group>"; };
		2C24881B28C3A1B100D2EB2B /* ModuleFactoriable.swift */ = {isa = PBXFileReference; lastKnownFileType = sourcecode.swift; path = ModuleFactoriable.swift; sourceTree = "<group>"; };
		2C24881E28C3A40100D2EB2B /* MainCoordinator.swift */ = {isa = PBXFileReference; lastKnownFileType = sourcecode.swift; path = MainCoordinator.swift; sourceTree = "<group>"; };
		2C24882228C3A93600D2EB2B /* BaseModule.swift */ = {isa = PBXFileReference; lastKnownFileType = sourcecode.swift; path = BaseModule.swift; sourceTree = "<group>"; };
		2C24882D28C3B12F00D2EB2B /* Navigationable.swift */ = {isa = PBXFileReference; lastKnownFileType = sourcecode.swift; path = Navigationable.swift; sourceTree = "<group>"; };
		2C24882F28C3B15D00D2EB2B /* Dismissable.swift */ = {isa = PBXFileReference; lastKnownFileType = sourcecode.swift; path = Dismissable.swift; sourceTree = "<group>"; };
		2C24883128C3B20600D2EB2B /* Presentable.swift */ = {isa = PBXFileReference; lastKnownFileType = sourcecode.swift; path = Presentable.swift; sourceTree = "<group>"; };
		2C24883428C3C26800D2EB2B /* AuthorizationCoordinator.swift */ = {isa = PBXFileReference; lastKnownFileType = sourcecode.swift; path = AuthorizationCoordinator.swift; sourceTree = "<group>"; };
		2C24883628C3C42D00D2EB2B /* LoginModule.swift */ = {isa = PBXFileReference; lastKnownFileType = sourcecode.swift; path = LoginModule.swift; sourceTree = "<group>"; };
		2C24883828C3C46B00D2EB2B /* AuthorizationModuleFactoriable.swift */ = {isa = PBXFileReference; lastKnownFileType = sourcecode.swift; path = AuthorizationModuleFactoriable.swift; sourceTree = "<group>"; };
		2C24883A28C3C4CE00D2EB2B /* LoginController.swift */ = {isa = PBXFileReference; lastKnownFileType = sourcecode.swift; path = LoginController.swift; sourceTree = "<group>"; };
		2C24883C28C3C58600D2EB2B /* AuthorizationCoordinatorFactoriable.swift */ = {isa = PBXFileReference; lastKnownFileType = sourcecode.swift; path = AuthorizationCoordinatorFactoriable.swift; sourceTree = "<group>"; };
		2C24883E28C4FA2D00D2EB2B /* ServerData.swift */ = {isa = PBXFileReference; lastKnownFileType = sourcecode.swift; path = ServerData.swift; sourceTree = "<group>"; };
		2C24884028C4FAF500D2EB2B /* Authorizationable.swift */ = {isa = PBXFileReference; lastKnownFileType = sourcecode.swift; path = Authorizationable.swift; sourceTree = "<group>"; };
		2C24884A28C5090800D2EB2B /* Model.swift */ = {isa = PBXFileReference; lastKnownFileType = sourcecode.swift; path = Model.swift; sourceTree = "<group>"; };
		2C24884C28C61C6B00D2EB2B /* ServerCommunicator.swift */ = {isa = PBXFileReference; lastKnownFileType = sourcecode.swift; path = ServerCommunicator.swift; sourceTree = "<group>"; };
		2C24884E28C65DC600D2EB2B /* RegistrationModule.swift */ = {isa = PBXFileReference; lastKnownFileType = sourcecode.swift; path = RegistrationModule.swift; sourceTree = "<group>"; };
		2C24885028C65E9C00D2EB2B /* RegistrationModuleFactoriable.swift */ = {isa = PBXFileReference; lastKnownFileType = sourcecode.swift; path = RegistrationModuleFactoriable.swift; sourceTree = "<group>"; };
		2C24885228C65F2700D2EB2B /* RegistrationController.swift */ = {isa = PBXFileReference; lastKnownFileType = sourcecode.swift; path = RegistrationController.swift; sourceTree = "<group>"; };
		2C24885428C6727B00D2EB2B /* Parser.swift */ = {isa = PBXFileReference; lastKnownFileType = sourcecode.swift; path = Parser.swift; sourceTree = "<group>"; };
		2C33051228CE1EB4000A2239 /* MessageCell.swift */ = {isa = PBXFileReference; lastKnownFileType = sourcecode.swift; path = MessageCell.swift; sourceTree = "<group>"; };
		2C585F9D28CA1B040042167D /* Mainable.swift */ = {isa = PBXFileReference; lastKnownFileType = sourcecode.swift; path = Mainable.swift; sourceTree = "<group>"; };
		2C585FB228CA84E30042167D /* TabBarModule.swift */ = {isa = PBXFileReference; lastKnownFileType = sourcecode.swift; path = TabBarModule.swift; sourceTree = "<group>"; };
		2C585FB428CA84FD0042167D /* TabBarModuleFactoriable.swift */ = {isa = PBXFileReference; lastKnownFileType = sourcecode.swift; path = TabBarModuleFactoriable.swift; sourceTree = "<group>"; };
		2C585FB628CA85FE0042167D /* TabBarController.swift */ = {isa = PBXFileReference; lastKnownFileType = sourcecode.swift; path = TabBarController.swift; sourceTree = "<group>"; };
		2C585FB828CAA10E0042167D /* Profiliable.swift */ = {isa = PBXFileReference; lastKnownFileType = sourcecode.swift; path = Profiliable.swift; sourceTree = "<group>"; };
		2C585FBA28CAA1620042167D /* Chatsable.swift */ = {isa = PBXFileReference; lastKnownFileType = sourcecode.swift; path = Chatsable.swift; sourceTree = "<group>"; };
		2C585FC028CAA1F80042167D /* ChatsCoordinator.swift */ = {isa = PBXFileReference; lastKnownFileType = sourcecode.swift; path = ChatsCoordinator.swift; sourceTree = "<group>"; };
		2C585FC228CAA2100042167D /* ProfileCoordinator.swift */ = {isa = PBXFileReference; lastKnownFileType = sourcecode.swift; path = ProfileCoordinator.swift; sourceTree = "<group>"; };
		2C585FC428CAA4000042167D /* ChatsCoordinatorFactoriable.swift */ = {isa = PBXFileReference; lastKnownFileType = sourcecode.swift; path = ChatsCoordinatorFactoriable.swift; sourceTree = "<group>"; };
		2C585FC828CAA4730042167D /* ProfileCoordinatorFactoriable.swift */ = {isa = PBXFileReference; lastKnownFileType = sourcecode.swift; path = ProfileCoordinatorFactoriable.swift; sourceTree = "<group>"; };
		2C585FD328CCBF030042167D /* ChatsTableController.swift */ = {isa = PBXFileReference; lastKnownFileType = sourcecode.swift; path = ChatsTableController.swift; sourceTree = "<group>"; };
		2C585FD528CCE2F30042167D /* ChatController.swift */ = {isa = PBXFileReference; lastKnownFileType = sourcecode.swift; path = ChatController.swift; sourceTree = "<group>"; };
		2C585FD728CCF8470042167D /* ChatsModule.swift */ = {isa = PBXFileReference; lastKnownFileType = sourcecode.swift; path = ChatsModule.swift; sourceTree = "<group>"; };
		2C585FD928CCF85D0042167D /* ChatsModuleFactoriable.swift */ = {isa = PBXFileReference; lastKnownFileType = sourcecode.swift; path = ChatsModuleFactoriable.swift; sourceTree = "<group>"; };
		2C585FDB28CCFA710042167D /* ChatModule.swift */ = {isa = PBXFileReference; lastKnownFileType = sourcecode.swift; path = ChatModule.swift; sourceTree = "<group>"; };
		2C585FDD28CCFA830042167D /* ChatModuleFactoriable.swift */ = {isa = PBXFileReference; lastKnownFileType = sourcecode.swift; path = ChatModuleFactoriable.swift; sourceTree = "<group>"; };
		2C585FDF28CD1DC70042167D /* TabBarableBaseModule.swift */ = {isa = PBXFileReference; lastKnownFileType = sourcecode.swift; path = TabBarableBaseModule.swift; sourceTree = "<group>"; };
		2C585FE128CD21780042167D /* ProfileTableController.swift */ = {isa = PBXFileReference; lastKnownFileType = sourcecode.swift; path = ProfileTableController.swift; sourceTree = "<group>"; };
		2C585FE628CD22F90042167D /* ProfileModule.swift */ = {isa = PBXFileReference; lastKnownFileType = sourcecode.swift; path = ProfileModule.swift; sourceTree = "<group>"; };
		2C585FEA28CD24D60042167D /* ProfileModuleFactoriable.swift */ = {isa = PBXFileReference; lastKnownFileType = sourcecode.swift; path = ProfileModuleFactoriable.swift; sourceTree = "<group>"; };
		2C58E43C28DF20FF00D6B682 /* ChatCell + ChatCellData.swift */ = {isa = PBXFileReference; lastKnownFileType = sourcecode.swift; path = "ChatCell + ChatCellData.swift"; sourceTree = "<group>"; };
		2C81649B28DC8D9B002857B2 /* BlockedUsersController.swift */ = {isa = PBXFileReference; lastKnownFileType = sourcecode.swift; path = BlockedUsersController.swift; sourceTree = "<group>"; };
		2C81649D28DC8DDE002857B2 /* BlockedUsersModule.swift */ = {isa = PBXFileReference; lastKnownFileType = sourcecode.swift; path = BlockedUsersModule.swift; sourceTree = "<group>"; };
		2C81649F28DC8E0D002857B2 /* ChangePasswordController.swift */ = {isa = PBXFileReference; lastKnownFileType = sourcecode.swift; path = ChangePasswordController.swift; sourceTree = "<group>"; };
		2C8164A128DC8E35002857B2 /* ChangePasswordModule.swift */ = {isa = PBXFileReference; lastKnownFileType = sourcecode.swift; path = ChangePasswordModule.swift; sourceTree = "<group>"; };
		2C8164A328DC8E50002857B2 /* PasswordOnLoginController.swift */ = {isa = PBXFileReference; lastKnownFileType = sourcecode.swift; path = PasswordOnLoginController.swift; sourceTree = "<group>"; };
		2C8164A528DC8E83002857B2 /* PasswordOnLoginModule.swift */ = {isa = PBXFileReference; lastKnownFileType = sourcecode.swift; path = PasswordOnLoginModule.swift; sourceTree = "<group>"; };
		2C8164A728DC8F2B002857B2 /* BlockedUsersModuleFactoriable.swift */ = {isa = PBXFileReference; lastKnownFileType = sourcecode.swift; path = BlockedUsersModuleFactoriable.swift; sourceTree = "<group>"; };
		2C8164A928DC8FEA002857B2 /* ChangePasswordModuleFactoriable.swift */ = {isa = PBXFileReference; lastKnownFileType = sourcecode.swift; path = ChangePasswordModuleFactoriable.swift; sourceTree = "<group>"; };
		2C8164AB28DC9010002857B2 /* PasswordOnLoginModuleFactoriable.swift */ = {isa = PBXFileReference; lastKnownFileType = sourcecode.swift; path = PasswordOnLoginModuleFactoriable.swift; sourceTree = "<group>"; };
		2C850E7C28DF68A9008435B3 /* NotificationKeys.swift */ = {isa = PBXFileReference; lastKnownFileType = sourcecode.swift; path = NotificationKeys.swift; sourceTree = "<group>"; };
		2C87101828DFD2FB003B9B42 /* KeyChain.swift */ = {isa = PBXFileReference; lastKnownFileType = sourcecode.swift; path = KeyChain.swift; sourceTree = "<group>"; };
		2C8C127428C6868E00F3A650 /* Commands.swift */ = {isa = PBXFileReference; lastKnownFileType = sourcecode.swift; path = Commands.swift; sourceTree = "<group>"; };
		2C8DDF1A28DCD5E5002B4DA5 /* LogoutModule.swift */ = {isa = PBXFileReference; lastKnownFileType = sourcecode.swift; path = LogoutModule.swift; sourceTree = "<group>"; };
		2C8DDF1C28DCD628002B4DA5 /* LogoutModuleFactoriable.swift */ = {isa = PBXFileReference; lastKnownFileType = sourcecode.swift; path = LogoutModuleFactoriable.swift; sourceTree = "<group>"; };
		2CA76F3728CF439D002212D5 /* DataBase.swift */ = {isa = PBXFileReference; lastKnownFileType = sourcecode.swift; path = DataBase.swift; sourceTree = "<group>"; };
		2CA76F3928CF43E7002212D5 /* DataBasable.swift */ = {isa = PBXFileReference; lastKnownFileType = sourcecode.swift; path = DataBasable.swift; sourceTree = "<group>"; };
/* End PBXFileReference section */

/* Begin PBXFrameworksBuildPhase section */
		2C2487E528C38F4800D2EB2B /* Frameworks */ = {
			isa = PBXFrameworksBuildPhase;
			buildActionMask = 2147483647;
			files = (
			);
			runOnlyForDeploymentPostprocessing = 0;
		};
/* End PBXFrameworksBuildPhase section */

/* Begin PBXGroup section */
		2C1B2D4228D92B8900BA858A /* ChatModules */ = {
			isa = PBXGroup;
			children = (
				2C585FD528CCE2F30042167D /* ChatController.swift */,
				2C33051228CE1EB4000A2239 /* MessageCell.swift */,
				2C1B2D4328D92BB700BA858A /* DateHeader.swift */,
			);
			path = ChatModules;
			sourceTree = "<group>";
		};
		2C1B2D9328DC853200BA858A /* Sections Modules */ = {
			isa = PBXGroup;
			children = (
				2C1B2D7728DBE4F300BA858A /* ProfileSectionBaseController.swift */,
				2C81649A28DC8D71002857B2 /* PrivacyAndSecurityModule */,
				2C1B2D7B28DC684E00BA858A /* StorageController.swift */,
				2C1B2D7D28DC687A00BA858A /* AppearanceController.swift */,
				2C1B2D7F28DC688900BA858A /* AskQuestionController.swift */,
			);
			path = "Sections Modules";
			sourceTree = "<group>";
		};
		2C2487DF28C38F4800D2EB2B = {
			isa = PBXGroup;
			children = (
				2C2487EA28C38F4800D2EB2B /* Messenger */,
				2C2487E928C38F4800D2EB2B /* Products */,
			);
			sourceTree = "<group>";
		};
		2C2487E928C38F4800D2EB2B /* Products */ = {
			isa = PBXGroup;
			children = (
				2C2487E828C38F4800D2EB2B /* Messenger.app */,
			);
			name = Products;
			sourceTree = "<group>";
		};
		2C2487EA28C38F4800D2EB2B /* Messenger */ = {
			isa = PBXGroup;
			children = (
				2C24881228C39DB600D2EB2B /* CoordinatorFactory */,
				2C24881128C39DAD00D2EB2B /* ModuleFactory */,
				2C24880A28C3950000D2EB2B /* Router */,
				2C24880228C38F8100D2EB2B /* Scene */,
				2C24881D28C3A3F000D2EB2B /* Flows */,
				2C24884728C4FD0E00D2EB2B /* Model */,
				2C2487EB28C38F4800D2EB2B /* AppDelegate.swift */,
				2C850E7C28DF68A9008435B3 /* NotificationKeys.swift */,
				2C2487F728C38F4A00D2EB2B /* Assets.xcassets */,
				2C2487F928C38F4A00D2EB2B /* LaunchScreen.storyboard */,
				2C2487FC28C38F4A00D2EB2B /* Info.plist */,
				2C2487F428C38F4900D2EB2B /* Messenger.xcdatamodeld */,
			);
			path = Messenger;
			sourceTree = "<group>";
		};
		2C24880228C38F8100D2EB2B /* Scene */ = {
			isa = PBXGroup;
			children = (
				2C2487ED28C38F4800D2EB2B /* SceneDelegate.swift */,
				2C24880828C3936D00D2EB2B /* SceneCoordinator.swift */,
			);
			path = Scene;
			sourceTree = "<group>";
		};
		2C24880528C38FA500D2EB2B /* Coordinator */ = {
			isa = PBXGroup;
			children = (
				2C24880328C38F9F00D2EB2B /* Coordinatorable.swift */,
				2C24880628C38FCA00D2EB2B /* BaseCoordinator.swift */,
				2C24884028C4FAF500D2EB2B /* Authorizationable.swift */,
				2C585F9D28CA1B040042167D /* Mainable.swift */,
				2C585FB828CAA10E0042167D /* Profiliable.swift */,
				2C585FBA28CAA1620042167D /* Chatsable.swift */,
			);
			path = Coordinator;
			sourceTree = "<group>";
		};
		2C24880A28C3950000D2EB2B /* Router */ = {
			isa = PBXGroup;
			children = (
				2C24880D28C3966100D2EB2B /* Router.swift */,
				2C24884628C4FCC700D2EB2B /* RouterProtocols */,
			);
			path = Router;
			sourceTree = "<group>";
		};
		2C24881128C39DAD00D2EB2B /* ModuleFactory */ = {
			isa = PBXGroup;
			children = (
				2C24881728C3A0EE00D2EB2B /* ModuleFactory.swift */,
				2C24884528C4FCA800D2EB2B /* ModuleFactoryProtocols */,
				2C24882428C3A99900D2EB2B /* Module */,
			);
			path = ModuleFactory;
			sourceTree = "<group>";
		};
		2C24881228C39DB600D2EB2B /* CoordinatorFactory */ = {
			isa = PBXGroup;
			children = (
				2C24881328C39F7B00D2EB2B /* CoordinatorFactory.swift */,
				2C24884428C4FC7700D2EB2B /* CoordinatorFactoryProtocols */,
				2C24880528C38FA500D2EB2B /* Coordinator */,
			);
			path = CoordinatorFactory;
			sourceTree = "<group>";
		};
		2C24881D28C3A3F000D2EB2B /* Flows */ = {
			isa = PBXGroup;
			children = (
				2C24883328C3C23000D2EB2B /* AuthorizationFlow */,
				2C24882A28C3AAED00D2EB2B /* MainFlow */,
			);
			path = Flows;
			sourceTree = "<group>";
		};
		2C24882428C3A99900D2EB2B /* Module */ = {
			isa = PBXGroup;
			children = (
				2C585FE528CD22E90042167D /* Base */,
				2C24883628C3C42D00D2EB2B /* LoginModule.swift */,
				2C24884E28C65DC600D2EB2B /* RegistrationModule.swift */,
				2C585FB228CA84E30042167D /* TabBarModule.swift */,
				2C585FD728CCF8470042167D /* ChatsModule.swift */,
				2C585FE628CD22F90042167D /* ProfileModule.swift */,
				2C585FDB28CCFA710042167D /* ChatModule.swift */,
				2C1B2D4728DA46AC00BA858A /* NewChatModule.swift */,
				2C1B2D6D28DB55B900BA858A /* PublicChatInformationModule.swift */,
				2C1B2D7328DB5F0C00BA858A /* PrivateChatInformationModule.swift */,
				2C1B2D8128DC699D00BA858A /* PrivacyAndSecurityModule.swift */,
				2C1B2D8328DC69B000BA858A /* StorageModule.swift */,
				2C1B2D8528DC69C800BA858A /* AppearanceModule.swift */,
				2C1B2D8728DC6A0B00BA858A /* AskQuestionModule.swift */,
				2C81649D28DC8DDE002857B2 /* BlockedUsersModule.swift */,
				2C8164A128DC8E35002857B2 /* ChangePasswordModule.swift */,
				2C8164A528DC8E83002857B2 /* PasswordOnLoginModule.swift */,
				2C8DDF1A28DCD5E5002B4DA5 /* LogoutModule.swift */,
			);
			path = Module;
			sourceTree = "<group>";
		};
		2C24882A28C3AAED00D2EB2B /* MainFlow */ = {
			isa = PBXGroup;
			children = (
				2C24881E28C3A40100D2EB2B /* MainCoordinator.swift */,
				2C585FB628CA85FE0042167D /* TabBarController.swift */,
				2C585FAD28CA39840042167D /* ProfileFlow */,
				2C585FAC28CA397B0042167D /* ChatsFlow */,
			);
			path = MainFlow;
			sourceTree = "<group>";
		};
		2C24883328C3C23000D2EB2B /* AuthorizationFlow */ = {
			isa = PBXGroup;
			children = (
				2C24883428C3C26800D2EB2B /* AuthorizationCoordinator.swift */,
				2C24883A28C3C4CE00D2EB2B /* LoginController.swift */,
				2C24885228C65F2700D2EB2B /* RegistrationController.swift */,
			);
			path = AuthorizationFlow;
			sourceTree = "<group>";
		};
		2C24884428C4FC7700D2EB2B /* CoordinatorFactoryProtocols */ = {
			isa = PBXGroup;
			children = (
				2C24881928C3A18C00D2EB2B /* CoordinatorFactoriable.swift */,
				2C24881528C3A0B500D2EB2B /* MainCoordinatorFactoriable.swift */,
				2C24883C28C3C58600D2EB2B /* AuthorizationCoordinatorFactoriable.swift */,
				2C585FC428CAA4000042167D /* ChatsCoordinatorFactoriable.swift */,
				2C585FC828CAA4730042167D /* ProfileCoordinatorFactoriable.swift */,
			);
			path = CoordinatorFactoryProtocols;
			sourceTree = "<group>";
		};
		2C24884528C4FCA800D2EB2B /* ModuleFactoryProtocols */ = {
			isa = PBXGroup;
			children = (
				2C24881B28C3A1B100D2EB2B /* ModuleFactoriable.swift */,
				2C24883828C3C46B00D2EB2B /* AuthorizationModuleFactoriable.swift */,
				2C24885028C65E9C00D2EB2B /* RegistrationModuleFactoriable.swift */,
				2C585FB428CA84FD0042167D /* TabBarModuleFactoriable.swift */,
				2C585FD928CCF85D0042167D /* ChatsModuleFactoriable.swift */,
				2C585FEA28CD24D60042167D /* ProfileModuleFactoriable.swift */,
				2C585FDD28CCFA830042167D /* ChatModuleFactoriable.swift */,
				2C1B2D4928DA46FF00BA858A /* NewChatModuleFactoriable.swift */,
				2C1B2D6F28DB55DA00BA858A /* PublicChatInformationModuleFactoriable.swift */,
				2C1B2D7528DB5F1D00BA858A /* PrivateChatInformationModuleFactoriable.swift */,
				2C1B2D8928DC6A4300BA858A /* PrivacyAndSecurityModuleFactoriable.swift */,
				2C1B2D8B28DC6A6000BA858A /* StorageModuleFactoriable.swift */,
				2C1B2D8D28DC6ADB00BA858A /* AppearanceModuleFactoriable.swift */,
				2C1B2D8F28DC6AF600BA858A /* AskQuestionModuleFactoriable.swift */,
				2C8164A728DC8F2B002857B2 /* BlockedUsersModuleFactoriable.swift */,
				2C8164A928DC8FEA002857B2 /* ChangePasswordModuleFactoriable.swift */,
				2C8164AB28DC9010002857B2 /* PasswordOnLoginModuleFactoriable.swift */,
				2C8DDF1C28DCD628002B4DA5 /* LogoutModuleFactoriable.swift */,
			);
			path = ModuleFactoryProtocols;
			sourceTree = "<group>";
		};
		2C24884628C4FCC700D2EB2B /* RouterProtocols */ = {
			isa = PBXGroup;
			children = (
				2C24880F28C3966D00D2EB2B /* Routerable.swift */,
				2C24882D28C3B12F00D2EB2B /* Navigationable.swift */,
				2C24882F28C3B15D00D2EB2B /* Dismissable.swift */,
				2C24883128C3B20600D2EB2B /* Presentable.swift */,
				2C24880B28C3950900D2EB2B /* PresentableObject.swift */,
			);
			path = RouterProtocols;
			sourceTree = "<group>";
		};
		2C24884728C4FD0E00D2EB2B /* Model */ = {
			isa = PBXGroup;
			children = (
				2C24884A28C5090800D2EB2B /* Model.swift */,
				2CA76F3B28CF4411002212D5 /* Networking */,
				2CA76F3628CF4392002212D5 /* DataBase */,
				2C87101828DFD2FB003B9B42 /* KeyChain.swift */,
			);
			path = Model;
			sourceTree = "<group>";
		};
		2C585FAC28CA397B0042167D /* ChatsFlow */ = {
			isa = PBXGroup;
			children = (
				2C585FC028CAA1F80042167D /* ChatsCoordinator.swift */,
				2C58E43B28DF201A00D6B682 /* ChatsTableModules */,
				2C1B2D4228D92B8900BA858A /* ChatModules */,
				2C1B2D6B28DB54E300BA858A /* PublicChatInformationController.swift */,
				2C1B2D7128DB5EC000BA858A /* PrivateChatInformationController.swift */,
				2C1B2D4528DA453C00BA858A /* NewChatController.swift */,
			);
			path = ChatsFlow;
			sourceTree = "<group>";
		};
		2C585FAD28CA39840042167D /* ProfileFlow */ = {
			isa = PBXGroup;
			children = (
				2C585FC228CAA2100042167D /* ProfileCoordinator.swift */,
				2C585FE128CD21780042167D /* ProfileTableController.swift */,
				2C1B2D9328DC853200BA858A /* Sections Modules */,
			);
			path = ProfileFlow;
			sourceTree = "<group>";
		};
		2C585FE528CD22E90042167D /* Base */ = {
			isa = PBXGroup;
			children = (
				2C1B2D9128DC6EFF00BA858A /* ProfileSectionBaseModule.swift */,
				2C24882228C3A93600D2EB2B /* BaseModule.swift */,
				2C585FDF28CD1DC70042167D /* TabBarableBaseModule.swift */,
			);
			path = Base;
			sourceTree = "<group>";
		};
		2C58E43B28DF201A00D6B682 /* ChatsTableModules */ = {
			isa = PBXGroup;
			children = (
				2C585FD328CCBF030042167D /* ChatsTableController.swift */,
				2C58E43C28DF20FF00D6B682 /* ChatCell + ChatCellData.swift */,
			);
			path = ChatsTableModules;
			sourceTree = "<group>";
		};
		2C81649A28DC8D71002857B2 /* PrivacyAndSecurityModule */ = {
			isa = PBXGroup;
			children = (
				2C1B2D7928DC681700BA858A /* PrivacyAndSecurityController.swift */,
				2C81649B28DC8D9B002857B2 /* BlockedUsersController.swift */,
				2C81649F28DC8E0D002857B2 /* ChangePasswordController.swift */,
				2C8164A328DC8E50002857B2 /* PasswordOnLoginController.swift */,
			);
			path = PrivacyAndSecurityModule;
			sourceTree = "<group>";
		};
		2CA76F3628CF4392002212D5 /* DataBase */ = {
			isa = PBXGroup;
			children = (
				2CA76F3728CF439D002212D5 /* DataBase.swift */,
				2CA76F3928CF43E7002212D5 /* DataBasable.swift */,
			);
			path = DataBase;
			sourceTree = "<group>";
		};
		2CA76F3B28CF4411002212D5 /* Networking */ = {
			isa = PBXGroup;
			children = (
				2C24884C28C61C6B00D2EB2B /* ServerCommunicator.swift */,
				2C24883E28C4FA2D00D2EB2B /* ServerData.swift */,
				2C8C127428C6868E00F3A650 /* Commands.swift */,
				2C24885428C6727B00D2EB2B /* Parser.swift */,
			);
			path = Networking;
			sourceTree = "<group>";
		};
/* End PBXGroup section */

/* Begin PBXNativeTarget section */
		2C2487E728C38F4800D2EB2B /* Messenger */ = {
			isa = PBXNativeTarget;
			buildConfigurationList = 2C2487FF28C38F4A00D2EB2B /* Build configuration list for PBXNativeTarget "Messenger" */;
			buildPhases = (
				2C2487E428C38F4800D2EB2B /* Sources */,
				2C2487E528C38F4800D2EB2B /* Frameworks */,
				2C2487E628C38F4800D2EB2B /* Resources */,
			);
			buildRules = (
			);
			dependencies = (
			);
			name = Messenger;
			productName = Messenger;
			productReference = 2C2487E828C38F4800D2EB2B /* Messenger.app */;
			productType = "com.apple.product-type.application";
		};
/* End PBXNativeTarget section */

/* Begin PBXProject section */
		2C2487E028C38F4800D2EB2B /* Project object */ = {
			isa = PBXProject;
			attributes = {
				BuildIndependentTargetsInParallel = 1;
				LastSwiftUpdateCheck = 1340;
				LastUpgradeCheck = 1340;
				TargetAttributes = {
					2C2487E728C38F4800D2EB2B = {
						CreatedOnToolsVersion = 13.4.1;
					};
				};
			};
			buildConfigurationList = 2C2487E328C38F4800D2EB2B /* Build configuration list for PBXProject "Messenger" */;
			compatibilityVersion = "Xcode 13.0";
			developmentRegion = en;
			hasScannedForEncodings = 0;
			knownRegions = (
				en,
				Base,
			);
			mainGroup = 2C2487DF28C38F4800D2EB2B;
			productRefGroup = 2C2487E928C38F4800D2EB2B /* Products */;
			projectDirPath = "";
			projectRoot = "";
			targets = (
				2C2487E728C38F4800D2EB2B /* Messenger */,
			);
		};
/* End PBXProject section */

/* Begin PBXResourcesBuildPhase section */
		2C2487E628C38F4800D2EB2B /* Resources */ = {
			isa = PBXResourcesBuildPhase;
			buildActionMask = 2147483647;
			files = (
				2C2487FB28C38F4A00D2EB2B /* LaunchScreen.storyboard in Resources */,
				2C2487F828C38F4A00D2EB2B /* Assets.xcassets in Resources */,
			);
			runOnlyForDeploymentPostprocessing = 0;
		};
/* End PBXResourcesBuildPhase section */

/* Begin PBXSourcesBuildPhase section */
		2C2487E428C38F4800D2EB2B /* Sources */ = {
			isa = PBXSourcesBuildPhase;
			buildActionMask = 2147483647;
			files = (
				2C24880E28C3966100D2EB2B /* Router.swift in Sources */,
				2C1B2D7428DB5F0C00BA858A /* PrivateChatInformationModule.swift in Sources */,
				2C24880728C38FCA00D2EB2B /* BaseCoordinator.swift in Sources */,
				2C24883528C3C26800D2EB2B /* AuthorizationCoordinator.swift in Sources */,
				2C8164A228DC8E35002857B2 /* ChangePasswordModule.swift in Sources */,
				2C24881F28C3A40100D2EB2B /* MainCoordinator.swift in Sources */,
				2C24885328C65F2700D2EB2B /* RegistrationController.swift in Sources */,
				2C585FE728CD22F90042167D /* ProfileModule.swift in Sources */,
				2C1B2D7228DB5EC000BA858A /* PrivateChatInformationController.swift in Sources */,
				2C58E43D28DF20FF00D6B682 /* ChatCell + ChatCellData.swift in Sources */,
				2C585FB928CAA10E0042167D /* Profiliable.swift in Sources */,
				2C585FC928CAA4730042167D /* ProfileCoordinatorFactoriable.swift in Sources */,
				2C1B2D4828DA46AC00BA858A /* NewChatModule.swift in Sources */,
				2C585FBB28CAA1620042167D /* Chatsable.swift in Sources */,
				2C24882E28C3B12F00D2EB2B /* Navigationable.swift in Sources */,
				2C24882328C3A93600D2EB2B /* BaseModule.swift in Sources */,
				2C8164A828DC8F2B002857B2 /* BlockedUsersModuleFactoriable.swift in Sources */,
				2C2487EC28C38F4800D2EB2B /* AppDelegate.swift in Sources */,
				2C24883028C3B15D00D2EB2B /* Dismissable.swift in Sources */,
				2C585FC528CAA4000042167D /* ChatsCoordinatorFactoriable.swift in Sources */,
				2C8164AA28DC8FEA002857B2 /* ChangePasswordModuleFactoriable.swift in Sources */,
				2C24883928C3C46B00D2EB2B /* AuthorizationModuleFactoriable.swift in Sources */,
				2C585FC328CAA2100042167D /* ProfileCoordinator.swift in Sources */,
				2C1B2D4A28DA46FF00BA858A /* NewChatModuleFactoriable.swift in Sources */,
				2C24880C28C3950900D2EB2B /* PresentableObject.swift in Sources */,
				2C585FB528CA84FD0042167D /* TabBarModuleFactoriable.swift in Sources */,
				2C24883228C3B20600D2EB2B /* Presentable.swift in Sources */,
				2C585FD628CCE2F30042167D /* ChatController.swift in Sources */,
				2C585FD428CCBF030042167D /* ChatsTableController.swift in Sources */,
				2C24881C28C3A1B100D2EB2B /* ModuleFactoriable.swift in Sources */,
				2C8DDF1B28DCD5E5002B4DA5 /* LogoutModule.swift in Sources */,
				2C24881828C3A0EE00D2EB2B /* ModuleFactory.swift in Sources */,
				2C24885128C65E9C00D2EB2B /* RegistrationModuleFactoriable.swift in Sources */,
				2C24883D28C3C58600D2EB2B /* AuthorizationCoordinatorFactoriable.swift in Sources */,
				2C24884B28C5090800D2EB2B /* Model.swift in Sources */,
				2C8C127528C6868E00F3A650 /* Commands.swift in Sources */,
				2C24883B28C3C4CE00D2EB2B /* LoginController.swift in Sources */,
				2C24881028C3966D00D2EB2B /* Routerable.swift in Sources */,
				2C8164A028DC8E0D002857B2 /* ChangePasswordController.swift in Sources */,
				2C585F9E28CA1B040042167D /* Mainable.swift in Sources */,
				2C1B2D8428DC69B000BA858A /* StorageModule.swift in Sources */,
				2C1B2D4428D92BB700BA858A /* DateHeader.swift in Sources */,
				2C1B2D9228DC6EFF00BA858A /* ProfileSectionBaseModule.swift in Sources */,
				2C8164A628DC8E83002857B2 /* PasswordOnLoginModule.swift in Sources */,
				2C585FEB28CD24D60042167D /* ProfileModuleFactoriable.swift in Sources */,
				2C24881428C39F7B00D2EB2B /* CoordinatorFactory.swift in Sources */,
				2C1B2D7628DB5F1D00BA858A /* PrivateChatInformationModuleFactoriable.swift in Sources */,
				2C1B2D7A28DC681700BA858A /* PrivacyAndSecurityController.swift in Sources */,
				2C1B2D6C28DB54E300BA858A /* PublicChatInformationController.swift in Sources */,
				2C24884F28C65DC600D2EB2B /* RegistrationModule.swift in Sources */,
				2C1B2D4628DA453C00BA858A /* NewChatController.swift in Sources */,
				2C1B2D9028DC6AF600BA858A /* AskQuestionModuleFactoriable.swift in Sources */,
				2C81649C28DC8D9B002857B2 /* BlockedUsersController.swift in Sources */,
				2C87101928DFD2FB003B9B42 /* KeyChain.swift in Sources */,
				2C1B2D8C28DC6A6000BA858A /* StorageModuleFactoriable.swift in Sources */,
				2C24880428C38F9F00D2EB2B /* Coordinatorable.swift in Sources */,
				2C24883F28C4FA2D00D2EB2B /* ServerData.swift in Sources */,
				2C585FE228CD21780042167D /* ProfileTableController.swift in Sources */,
				2C24880928C3936D00D2EB2B /* SceneCoordinator.swift in Sources */,
				2C8164AC28DC9010002857B2 /* PasswordOnLoginModuleFactoriable.swift in Sources */,
				2C1B2D8828DC6A0B00BA858A /* AskQuestionModule.swift in Sources */,
				2C1B2D8028DC688900BA858A /* AskQuestionController.swift in Sources */,
				2C585FB728CA85FE0042167D /* TabBarController.swift in Sources */,
				2C1B2D8228DC699D00BA858A /* PrivacyAndSecurityModule.swift in Sources */,
				2C33051328CE1EB4000A2239 /* MessageCell.swift in Sources */,
				2C24884128C4FAF500D2EB2B /* Authorizationable.swift in Sources */,
				2C24885528C6727B00D2EB2B /* Parser.swift in Sources */,
				2C850E7D28DF68A9008435B3 /* NotificationKeys.swift in Sources */,
				2C1B2D7828DBE4F300BA858A /* ProfileSectionBaseController.swift in Sources */,
				2C81649E28DC8DDE002857B2 /* BlockedUsersModule.swift in Sources */,
				2C2487EE28C38F4800D2EB2B /* SceneDelegate.swift in Sources */,
				2C1B2D7028DB55DA00BA858A /* PublicChatInformationModuleFactoriable.swift in Sources */,
				2C24883728C3C42D00D2EB2B /* LoginModule.swift in Sources */,
				2C8DDF1D28DCD628002B4DA5 /* LogoutModuleFactoriable.swift in Sources */,
				2C24884D28C61C6B00D2EB2B /* ServerCommunicator.swift in Sources */,
				2C24881628C3A0B500D2EB2B /* MainCoordinatorFactoriable.swift in Sources */,
				2C24881A28C3A18C00D2EB2B /* CoordinatorFactoriable.swift in Sources */,
				2C585FDA28CCF85D0042167D /* ChatsModuleFactoriable.swift in Sources */,
				2C585FDE28CCFA830042167D /* ChatModuleFactoriable.swift in Sources */,
				2C1B2D7E28DC687A00BA858A /* AppearanceController.swift in Sources */,
				2CA76F3A28CF43E7002212D5 /* DataBasable.swift in Sources */,
				2C1B2D8E28DC6ADB00BA858A /* AppearanceModuleFactoriable.swift in Sources */,
				2C585FD828CCF8470042167D /* ChatsModule.swift in Sources */,
				2C585FB328CA84E30042167D /* TabBarModule.swift in Sources */,
				2C1B2D8A28DC6A4300BA858A /* PrivacyAndSecurityModuleFactoriable.swift in Sources */,
				2C1B2D7C28DC684E00BA858A /* StorageController.swift in Sources */,
				2CA76F3828CF439D002212D5 /* DataBase.swift in Sources */,
				2C585FC128CAA1F80042167D /* ChatsCoordinator.swift in Sources */,
				2C585FE028CD1DC70042167D /* TabBarableBaseModule.swift in Sources */,
				2C2487F628C38F4900D2EB2B /* Messenger.xcdatamodeld in Sources */,
				2C1B2D6E28DB55B900BA858A /* PublicChatInformationModule.swift in Sources */,
				2C8164A428DC8E50002857B2 /* PasswordOnLoginController.swift in Sources */,
				2C585FDC28CCFA710042167D /* ChatModule.swift in Sources */,
				2C1B2D8628DC69C800BA858A /* AppearanceModule.swift in Sources */,
			);
			runOnlyForDeploymentPostprocessing = 0;
		};
/* End PBXSourcesBuildPhase section */

/* Begin PBXVariantGroup section */
		2C2487F928C38F4A00D2EB2B /* LaunchScreen.storyboard */ = {
			isa = PBXVariantGroup;
			children = (
				2C2487FA28C38F4A00D2EB2B /* Base */,
			);
			name = LaunchScreen.storyboard;
			sourceTree = "<group>";
		};
/* End PBXVariantGroup section */

/* Begin XCBuildConfiguration section */
		2C2487FD28C38F4A00D2EB2B /* Debug */ = {
			isa = XCBuildConfiguration;
			buildSettings = {
				ALWAYS_SEARCH_USER_PATHS = NO;
				CLANG_ANALYZER_NONNULL = YES;
				CLANG_ANALYZER_NUMBER_OBJECT_CONVERSION = YES_AGGRESSIVE;
				CLANG_CXX_LANGUAGE_STANDARD = "gnu++17";
				CLANG_ENABLE_MODULES = YES;
				CLANG_ENABLE_OBJC_ARC = YES;
				CLANG_ENABLE_OBJC_WEAK = YES;
				CLANG_WARN_BLOCK_CAPTURE_AUTORELEASING = YES;
				CLANG_WARN_BOOL_CONVERSION = YES;
				CLANG_WARN_COMMA = YES;
				CLANG_WARN_CONSTANT_CONVERSION = YES;
				CLANG_WARN_DEPRECATED_OBJC_IMPLEMENTATIONS = YES;
				CLANG_WARN_DIRECT_OBJC_ISA_USAGE = YES_ERROR;
				CLANG_WARN_DOCUMENTATION_COMMENTS = YES;
				CLANG_WARN_EMPTY_BODY = YES;
				CLANG_WARN_ENUM_CONVERSION = YES;
				CLANG_WARN_INFINITE_RECURSION = YES;
				CLANG_WARN_INT_CONVERSION = YES;
				CLANG_WARN_NON_LITERAL_NULL_CONVERSION = YES;
				CLANG_WARN_OBJC_IMPLICIT_RETAIN_SELF = YES;
				CLANG_WARN_OBJC_LITERAL_CONVERSION = YES;
				CLANG_WARN_OBJC_ROOT_CLASS = YES_ERROR;
				CLANG_WARN_QUOTED_INCLUDE_IN_FRAMEWORK_HEADER = YES;
				CLANG_WARN_RANGE_LOOP_ANALYSIS = YES;
				CLANG_WARN_STRICT_PROTOTYPES = YES;
				CLANG_WARN_SUSPICIOUS_MOVE = YES;
				CLANG_WARN_UNGUARDED_AVAILABILITY = YES_AGGRESSIVE;
				CLANG_WARN_UNREACHABLE_CODE = YES;
				CLANG_WARN__DUPLICATE_METHOD_MATCH = YES;
				COPY_PHASE_STRIP = NO;
				DEBUG_INFORMATION_FORMAT = dwarf;
				ENABLE_STRICT_OBJC_MSGSEND = YES;
				ENABLE_TESTABILITY = YES;
				GCC_C_LANGUAGE_STANDARD = gnu11;
				GCC_DYNAMIC_NO_PIC = NO;
				GCC_NO_COMMON_BLOCKS = YES;
				GCC_OPTIMIZATION_LEVEL = 0;
				GCC_PREPROCESSOR_DEFINITIONS = (
					"DEBUG=1",
					"$(inherited)",
				);
				GCC_WARN_64_TO_32_BIT_CONVERSION = YES;
				GCC_WARN_ABOUT_RETURN_TYPE = YES_ERROR;
				GCC_WARN_UNDECLARED_SELECTOR = YES;
				GCC_WARN_UNINITIALIZED_AUTOS = YES_AGGRESSIVE;
				GCC_WARN_UNUSED_FUNCTION = YES;
				GCC_WARN_UNUSED_VARIABLE = YES;
				IPHONEOS_DEPLOYMENT_TARGET = 15.5;
				MTL_ENABLE_DEBUG_INFO = INCLUDE_SOURCE;
				MTL_FAST_MATH = YES;
				ONLY_ACTIVE_ARCH = YES;
				SDKROOT = iphoneos;
				SWIFT_ACTIVE_COMPILATION_CONDITIONS = DEBUG;
				SWIFT_OPTIMIZATION_LEVEL = "-Onone";
			};
			name = Debug;
		};
		2C2487FE28C38F4A00D2EB2B /* Release */ = {
			isa = XCBuildConfiguration;
			buildSettings = {
				ALWAYS_SEARCH_USER_PATHS = NO;
				CLANG_ANALYZER_NONNULL = YES;
				CLANG_ANALYZER_NUMBER_OBJECT_CONVERSION = YES_AGGRESSIVE;
				CLANG_CXX_LANGUAGE_STANDARD = "gnu++17";
				CLANG_ENABLE_MODULES = YES;
				CLANG_ENABLE_OBJC_ARC = YES;
				CLANG_ENABLE_OBJC_WEAK = YES;
				CLANG_WARN_BLOCK_CAPTURE_AUTORELEASING = YES;
				CLANG_WARN_BOOL_CONVERSION = YES;
				CLANG_WARN_COMMA = YES;
				CLANG_WARN_CONSTANT_CONVERSION = YES;
				CLANG_WARN_DEPRECATED_OBJC_IMPLEMENTATIONS = YES;
				CLANG_WARN_DIRECT_OBJC_ISA_USAGE = YES_ERROR;
				CLANG_WARN_DOCUMENTATION_COMMENTS = YES;
				CLANG_WARN_EMPTY_BODY = YES;
				CLANG_WARN_ENUM_CONVERSION = YES;
				CLANG_WARN_INFINITE_RECURSION = YES;
				CLANG_WARN_INT_CONVERSION = YES;
				CLANG_WARN_NON_LITERAL_NULL_CONVERSION = YES;
				CLANG_WARN_OBJC_IMPLICIT_RETAIN_SELF = YES;
				CLANG_WARN_OBJC_LITERAL_CONVERSION = YES;
				CLANG_WARN_OBJC_ROOT_CLASS = YES_ERROR;
				CLANG_WARN_QUOTED_INCLUDE_IN_FRAMEWORK_HEADER = YES;
				CLANG_WARN_RANGE_LOOP_ANALYSIS = YES;
				CLANG_WARN_STRICT_PROTOTYPES = YES;
				CLANG_WARN_SUSPICIOUS_MOVE = YES;
				CLANG_WARN_UNGUARDED_AVAILABILITY = YES_AGGRESSIVE;
				CLANG_WARN_UNREACHABLE_CODE = YES;
				CLANG_WARN__DUPLICATE_METHOD_MATCH = YES;
				COPY_PHASE_STRIP = NO;
				DEBUG_INFORMATION_FORMAT = "dwarf-with-dsym";
				ENABLE_NS_ASSERTIONS = NO;
				ENABLE_STRICT_OBJC_MSGSEND = YES;
				GCC_C_LANGUAGE_STANDARD = gnu11;
				GCC_NO_COMMON_BLOCKS = YES;
				GCC_WARN_64_TO_32_BIT_CONVERSION = YES;
				GCC_WARN_ABOUT_RETURN_TYPE = YES_ERROR;
				GCC_WARN_UNDECLARED_SELECTOR = YES;
				GCC_WARN_UNINITIALIZED_AUTOS = YES_AGGRESSIVE;
				GCC_WARN_UNUSED_FUNCTION = YES;
				GCC_WARN_UNUSED_VARIABLE = YES;
				IPHONEOS_DEPLOYMENT_TARGET = 15.5;
				MTL_ENABLE_DEBUG_INFO = NO;
				MTL_FAST_MATH = YES;
				SDKROOT = iphoneos;
				SWIFT_COMPILATION_MODE = wholemodule;
				SWIFT_OPTIMIZATION_LEVEL = "-O";
				VALIDATE_PRODUCT = YES;
			};
			name = Release;
		};
		2C24880028C38F4A00D2EB2B /* Debug */ = {
			isa = XCBuildConfiguration;
			buildSettings = {
				ASSETCATALOG_COMPILER_APPICON_NAME = AppIcon;
				ASSETCATALOG_COMPILER_GLOBAL_ACCENT_COLOR_NAME = AccentColor;
				CODE_SIGN_STYLE = Automatic;
				CURRENT_PROJECT_VERSION = 1;
				DEVELOPMENT_TEAM = X74926QW5W;
				GENERATE_INFOPLIST_FILE = YES;
				INFOPLIST_FILE = Messenger/Info.plist;
				INFOPLIST_KEY_UIApplicationSupportsIndirectInputEvents = YES;
				INFOPLIST_KEY_UILaunchStoryboardName = LaunchScreen;
				INFOPLIST_KEY_UISupportedInterfaceOrientations_iPad = "UIInterfaceOrientationPortrait UIInterfaceOrientationPortraitUpsideDown UIInterfaceOrientationLandscapeLeft UIInterfaceOrientationLandscapeRight";
				INFOPLIST_KEY_UISupportedInterfaceOrientations_iPhone = "UIInterfaceOrientationPortrait UIInterfaceOrientationLandscapeLeft UIInterfaceOrientationLandscapeRight";
				IPHONEOS_DEPLOYMENT_TARGET = 15.0;
				LD_RUNPATH_SEARCH_PATHS = (
					"$(inherited)",
					"@executable_path/Frameworks",
				);
				MARKETING_VERSION = 1.0;
				PRODUCT_BUNDLE_IDENTIFIER = iOne.Messenger;
				PRODUCT_NAME = "$(TARGET_NAME)";
				SWIFT_EMIT_LOC_STRINGS = YES;
				SWIFT_VERSION = 5.0;
				TARGETED_DEVICE_FAMILY = "1,2";
			};
			name = Debug;
		};
		2C24880128C38F4A00D2EB2B /* Release */ = {
			isa = XCBuildConfiguration;
			buildSettings = {
				ASSETCATALOG_COMPILER_APPICON_NAME = AppIcon;
				ASSETCATALOG_COMPILER_GLOBAL_ACCENT_COLOR_NAME = AccentColor;
				CODE_SIGN_STYLE = Automatic;
				CURRENT_PROJECT_VERSION = 1;
				DEVELOPMENT_TEAM = X74926QW5W;
				GENERATE_INFOPLIST_FILE = YES;
				INFOPLIST_FILE = Messenger/Info.plist;
				INFOPLIST_KEY_UIApplicationSupportsIndirectInputEvents = YES;
				INFOPLIST_KEY_UILaunchStoryboardName = LaunchScreen;
				INFOPLIST_KEY_UISupportedInterfaceOrientations_iPad = "UIInterfaceOrientationPortrait UIInterfaceOrientationPortraitUpsideDown UIInterfaceOrientationLandscapeLeft UIInterfaceOrientationLandscapeRight";
				INFOPLIST_KEY_UISupportedInterfaceOrientations_iPhone = "UIInterfaceOrientationPortrait UIInterfaceOrientationLandscapeLeft UIInterfaceOrientationLandscapeRight";
				IPHONEOS_DEPLOYMENT_TARGET = 15.0;
				LD_RUNPATH_SEARCH_PATHS = (
					"$(inherited)",
					"@executable_path/Frameworks",
				);
				MARKETING_VERSION = 1.0;
				PRODUCT_BUNDLE_IDENTIFIER = iOne.Messenger;
				PRODUCT_NAME = "$(TARGET_NAME)";
				SWIFT_EMIT_LOC_STRINGS = YES;
				SWIFT_VERSION = 5.0;
				TARGETED_DEVICE_FAMILY = "1,2";
			};
			name = Release;
		};
/* End XCBuildConfiguration section */

/* Begin XCConfigurationList section */
		2C2487E328C38F4800D2EB2B /* Build configuration list for PBXProject "Messenger" */ = {
			isa = XCConfigurationList;
			buildConfigurations = (
				2C2487FD28C38F4A00D2EB2B /* Debug */,
				2C2487FE28C38F4A00D2EB2B /* Release */,
			);
			defaultConfigurationIsVisible = 0;
			defaultConfigurationName = Release;
		};
		2C2487FF28C38F4A00D2EB2B /* Build configuration list for PBXNativeTarget "Messenger" */ = {
			isa = XCConfigurationList;
			buildConfigurations = (
				2C24880028C38F4A00D2EB2B /* Debug */,
				2C24880128C38F4A00D2EB2B /* Release */,
			);
			defaultConfigurationIsVisible = 0;
			defaultConfigurationName = Release;
		};
/* End XCConfigurationList section */

/* Begin XCVersionGroup section */
		2C2487F428C38F4900D2EB2B /* Messenger.xcdatamodeld */ = {
			isa = XCVersionGroup;
			children = (
				2C2487F528C38F4900D2EB2B /* Messenger.xcdatamodel */,
			);
			currentVersion = 2C2487F528C38F4900D2EB2B /* Messenger.xcdatamodel */;
			path = Messenger.xcdatamodeld;
			sourceTree = "<group>";
			versionGroupType = wrapper.xcdatamodel;
		};
/* End XCVersionGroup section */
	};
	rootObject = 2C2487E028C38F4800D2EB2B /* Project object */;
}
